
Microsoft Visual Studio Solution File, Format Version 12.00
# Visual Studio Version 17
VisualStudioVersion = 17.6.33723.286
MinimumVisualStudioVersion = 10.0.40219.1
Project("{FAE04EC0-301F-11D3-BF4B-00C04F79EFBC}") = "WpfApp1", "WpfApp1.csproj", "{D118F243-81FE-4C09-A45B-A6EE6204C8F7}"
EndProject
Global
	GlobalSection(SolutionConfigurationPlatforms) = preSolution
		Debug|Any CPU = Debug|Any CPU
		Release|Any CPU = Release|Any CPU
	EndGlobalSection
	GlobalSection(ProjectConfigurationPlatforms) = postSolution
		{D118F243-81FE-4C09-A45B-A6EE6204C8F7}.Debug|Any CPU.ActiveCfg = Debug|Any CPU
		{D118F243-81FE-4C09-A45B-A6EE6204C8F7}.Debug|Any CPU.Build.0 = Debug|Any CPU
		{D118F243-81FE-4C09-A45B-A6EE6204C8F7}.Release|Any CPU.ActiveCfg = Release|Any CPU
		{D118F243-81FE-4C09-A45B-A6EE6204C8F7}.Release|Any CPU.Build.0 = Release|Any CPU
	EndGlobalSection
	GlobalSection(SolutionProperties) = preSolution
		HideSolutionNode = FALSE
	EndGlobalSection
	GlobalSection(ExtensibilityGlobals) = postSolution
		SolutionGuid = {F3570AB6-3075-4DD4-9165-AC4CA26D5E8B}
	EndGlobalSection
EndGlobal
